
Microsoft Visual Studio Solution File, Format Version 12.00
# Visual Studio 15
VisualStudioVersion = 15.0.28307.106
MinimumVisualStudioVersion = 10.0.40219.1
Project("{8BC9CEB8-8B4A-11D0-8D11-00A0C91BC942}") = "Datastrukturer", "Datastrukturer\Datastrukturer.vcxproj", "{F56182E9-ED88-41A2-91E5-6A7CDA2BB3B5}"
EndProject
Project("{8BC9CEB8-8B4A-11D0-8D11-00A0C91BC942}") = "Datastrukturer.test", "Datastrukturer.test\Datastrukturer.test.vcxproj", "{BEA23DA5-65ED-41C2-9744-CE7D1870E856}"
EndProject
Global
	GlobalSection(SolutionConfigurationPlatforms) = preSolution
		Debug|x64 = Debug|x64
		Debug|x86 = Debug|x86
		Release|x64 = Release|x64
		Release|x86 = Release|x86
	EndGlobalSection
	GlobalSection(ProjectConfigurationPlatforms) = postSolution
		{F56182E9-ED88-41A2-91E5-6A7CDA2BB3B5}.Debug|x64.ActiveCfg = Debug|x64
		{F56182E9-ED88-41A2-91E5-6A7CDA2BB3B5}.Debug|x64.Build.0 = Debug|x64
		{F56182E9-ED88-41A2-91E5-6A7CDA2BB3B5}.Debug|x86.ActiveCfg = Debug|Win32
		{F56182E9-ED88-41A2-91E5-6A7CDA2BB3B5}.Debug|x86.Build.0 = Debug|Win32
		{F56182E9-ED88-41A2-91E5-6A7CDA2BB3B5}.Release|x64.ActiveCfg = Release|x64
		{F56182E9-ED88-41A2-91E5-6A7CDA2BB3B5}.Release|x64.Build.0 = Release|x64
		{F56182E9-ED88-41A2-91E5-6A7CDA2BB3B5}.Release|x86.ActiveCfg = Release|Win32
		{F56182E9-ED88-41A2-91E5-6A7CDA2BB3B5}.Release|x86.Build.0 = Release|Win32
		{BEA23DA5-65ED-41C2-9744-CE7D1870E856}.Debug|x64.ActiveCfg = Debug|x64
		{BEA23DA5-65ED-41C2-9744-CE7D1870E856}.Debug|x64.Build.0 = Debug|x64
		{BEA23DA5-65ED-41C2-9744-CE7D1870E856}.Debug|x86.ActiveCfg = Debug|Win32
		{BEA23DA5-65ED-41C2-9744-CE7D1870E856}.Debug|x86.Build.0 = Debug|Win32
		{BEA23DA5-65ED-41C2-9744-CE7D1870E856}.Release|x64.ActiveCfg = Release|x64
		{BEA23DA5-65ED-41C2-9744-CE7D1870E856}.Release|x64.Build.0 = Release|x64
		{BEA23DA5-65ED-41C2-9744-CE7D1870E856}.Release|x86.ActiveCfg = Release|Win32
		{BEA23DA5-65ED-41C2-9744-CE7D1870E856}.Release|x86.Build.0 = Release|Win32
	EndGlobalSection
	GlobalSection(SolutionProperties) = preSolution
		HideSolutionNode = FALSE
	EndGlobalSection
	GlobalSection(ExtensibilityGlobals) = postSolution
		SolutionGuid = {C84FC80D-2F68-4E7A-A0AC-31FFAB516D4B}
	EndGlobalSection
EndGlobal
